
Microsoft Visual Studio Solution File, Format Version 12.00
# Visual Studio 15
Project("{FAE04EC0-301F-11D3-BF4B-00C04F79EFBC}") = "Zenject", "Zenject.csproj", "{9EFCB8E9-1AE5-4B34-F4C7-93B85A1EDA2B}"
EndProject
Project("{FAE04EC0-301F-11D3-BF4B-00C04F79EFBC}") = "Assembly-CSharp", "Assembly-CSharp.csproj", "{CB9CC7E8-A7B3-41CA-68DC-F43EC586C1DA}"
EndProject
Project("{FAE04EC0-301F-11D3-BF4B-00C04F79EFBC}") = "Zenject-IntegrationTests-Editor", "Zenject-IntegrationTests-Editor.csproj", "{16F8E9AD-7CCE-8562-7658-B483BECE84D7}"
EndProject
Project("{FAE04EC0-301F-11D3-BF4B-00C04F79EFBC}") = "Zenject-IntegrationTests", "Zenject-IntegrationTests.csproj", "{267015C2-796A-6B08-1F85-A819240022E3}"
EndProject
Project("{FAE04EC0-301F-11D3-BF4B-00C04F79EFBC}") = "Zenject-PoolMonitor-Editor", "Zenject-PoolMonitor-Editor.csproj", "{899837BB-1CC8-0C47-FAD7-F3B167722F79}"
EndProject
Project("{FAE04EC0-301F-11D3-BF4B-00C04F79EFBC}") = "Zenject-UnitTests-Editor", "Zenject-UnitTests-Editor.csproj", "{B284956D-3335-C0EC-3559-CBB45CB22B52}"
EndProject
Project("{FAE04EC0-301F-11D3-BF4B-00C04F79EFBC}") = "Zenject-ReflectionBaking-Editor", "Zenject-ReflectionBaking-Editor.csproj", "{22486162-850A-BDA2-8530-9855041CDFD8}"
EndProject
Project("{FAE04EC0-301F-11D3-BF4B-00C04F79EFBC}") = "Zenject-TestFramework", "Zenject-TestFramework.csproj", "{838D3B3D-B2BF-2F7A-7827-1C7AB9E5DB26}"
EndProject
Project("{FAE04EC0-301F-11D3-BF4B-00C04F79EFBC}") = "Zenject-Editor", "Zenject-Editor.csproj", "{7E3C8F85-189A-6F28-CA88-1DAEA621D249}"
EndProject
Project("{FAE04EC0-301F-11D3-BF4B-00C04F79EFBC}") = "Assembly-CSharp-Editor", "Assembly-CSharp-Editor.csproj", "{BA78239A-B3F3-86F2-95F9-AF7DC253E421}"
EndProject
Global
	GlobalSection(SolutionConfigurationPlatforms) = preSolution
		Debug|Any CPU = Debug|Any CPU
		Release|Any CPU = Release|Any CPU
	EndGlobalSection
	GlobalSection(ProjectConfigurationPlatforms) = postSolution
		{9EFCB8E9-1AE5-4B34-F4C7-93B85A1EDA2B}.Debug|Any CPU.ActiveCfg = Debug|Any CPU
		{9EFCB8E9-1AE5-4B34-F4C7-93B85A1EDA2B}.Debug|Any CPU.Build.0 = Debug|Any CPU
		{9EFCB8E9-1AE5-4B34-F4C7-93B85A1EDA2B}.Release|Any CPU.ActiveCfg = Release|Any CPU
		{9EFCB8E9-1AE5-4B34-F4C7-93B85A1EDA2B}.Release|Any CPU.Build.0 = Release|Any CPU
		{CB9CC7E8-A7B3-41CA-68DC-F43EC586C1DA}.Debug|Any CPU.ActiveCfg = Debug|Any CPU
		{CB9CC7E8-A7B3-41CA-68DC-F43EC586C1DA}.Debug|Any CPU.Build.0 = Debug|Any CPU
		{CB9CC7E8-A7B3-41CA-68DC-F43EC586C1DA}.Release|Any CPU.ActiveCfg = Release|Any CPU
		{CB9CC7E8-A7B3-41CA-68DC-F43EC586C1DA}.Release|Any CPU.Build.0 = Release|Any CPU
		{16F8E9AD-7CCE-8562-7658-B483BECE84D7}.Debug|Any CPU.ActiveCfg = Debug|Any CPU
		{16F8E9AD-7CCE-8562-7658-B483BECE84D7}.Debug|Any CPU.Build.0 = Debug|Any CPU
		{16F8E9AD-7CCE-8562-7658-B483BECE84D7}.Release|Any CPU.ActiveCfg = Release|Any CPU
		{16F8E9AD-7CCE-8562-7658-B483BECE84D7}.Release|Any CPU.Build.0 = Release|Any CPU
		{267015C2-796A-6B08-1F85-A819240022E3}.Debug|Any CPU.ActiveCfg = Debug|Any CPU
		{267015C2-796A-6B08-1F85-A819240022E3}.Debug|Any CPU.Build.0 = Debug|Any CPU
		{267015C2-796A-6B08-1F85-A819240022E3}.Release|Any CPU.ActiveCfg = Release|Any CPU
		{267015C2-796A-6B08-1F85-A819240022E3}.Release|Any CPU.Build.0 = Release|Any CPU
		{899837BB-1CC8-0C47-FAD7-F3B167722F79}.Debug|Any CPU.ActiveCfg = Debug|Any CPU
		{899837BB-1CC8-0C47-FAD7-F3B167722F79}.Debug|Any CPU.Build.0 = Debug|Any CPU
		{899837BB-1CC8-0C47-FAD7-F3B167722F79}.Release|Any CPU.ActiveCfg = Release|Any CPU
		{899837BB-1CC8-0C47-FAD7-F3B167722F79}.Release|Any CPU.Build.0 = Release|Any CPU
		{B284956D-3335-C0EC-3559-CBB45CB22B52}.Debug|Any CPU.ActiveCfg = Debug|Any CPU
		{B284956D-3335-C0EC-3559-CBB45CB22B52}.Debug|Any CPU.Build.0 = Debug|Any CPU
		{B284956D-3335-C0EC-3559-CBB45CB22B52}.Release|Any CPU.ActiveCfg = Release|Any CPU
		{B284956D-3335-C0EC-3559-CBB45CB22B52}.Release|Any CPU.Build.0 = Release|Any CPU
		{22486162-850A-BDA2-8530-9855041CDFD8}.Debug|Any CPU.ActiveCfg = Debug|Any CPU
		{22486162-850A-BDA2-8530-9855041CDFD8}.Debug|Any CPU.Build.0 = Debug|Any CPU
		{22486162-850A-BDA2-8530-9855041CDFD8}.Release|Any CPU.ActiveCfg = Release|Any CPU
		{22486162-850A-BDA2-8530-9855041CDFD8}.Release|Any CPU.Build.0 = Release|Any CPU
		{838D3B3D-B2BF-2F7A-7827-1C7AB9E5DB26}.Debug|Any CPU.ActiveCfg = Debug|Any CPU
		{838D3B3D-B2BF-2F7A-7827-1C7AB9E5DB26}.Debug|Any CPU.Build.0 = Debug|Any CPU
		{838D3B3D-B2BF-2F7A-7827-1C7AB9E5DB26}.Release|Any CPU.ActiveCfg = Release|Any CPU
		{838D3B3D-B2BF-2F7A-7827-1C7AB9E5DB26}.Release|Any CPU.Build.0 = Release|Any CPU
		{7E3C8F85-189A-6F28-CA88-1DAEA621D249}.Debug|Any CPU.ActiveCfg = Debug|Any CPU
		{7E3C8F85-189A-6F28-CA88-1DAEA621D249}.Debug|Any CPU.Build.0 = Debug|Any CPU
		{7E3C8F85-189A-6F28-CA88-1DAEA621D249}.Release|Any CPU.ActiveCfg = Release|Any CPU
		{7E3C8F85-189A-6F28-CA88-1DAEA621D249}.Release|Any CPU.Build.0 = Release|Any CPU
		{BA78239A-B3F3-86F2-95F9-AF7DC253E421}.Debug|Any CPU.ActiveCfg = Debug|Any CPU
		{BA78239A-B3F3-86F2-95F9-AF7DC253E421}.Debug|Any CPU.Build.0 = Debug|Any CPU
		{BA78239A-B3F3-86F2-95F9-AF7DC253E421}.Release|Any CPU.ActiveCfg = Release|Any CPU
		{BA78239A-B3F3-86F2-95F9-AF7DC253E421}.Release|Any CPU.Build.0 = Release|Any CPU
	EndGlobalSection
	GlobalSection(SolutionProperties) = preSolution
		HideSolutionNode = FALSE
	EndGlobalSection
EndGlobal
